
Microsoft Visual Studio Solution File, Format Version 12.00
# Visual Studio Version 17
VisualStudioVersion = 17.8.34601.278
MinimumVisualStudioVersion = 10.0.40219.1
Project("{FAE04EC0-301F-11D3-BF4B-00C04F79EFBC}") = "CURSOVA_NH", "CURSOVA_NH.csproj", "{77DC606A-0A0C-4072-90D2-8D0C1FABA151}"
EndProject
Global
	GlobalSection(SolutionConfigurationPlatforms) = preSolution
		Debug|Any CPU = Debug|Any CPU
		Release|Any CPU = Release|Any CPU
	EndGlobalSection
	GlobalSection(ProjectConfigurationPlatforms) = postSolution
		{77DC606A-0A0C-4072-90D2-8D0C1FABA151}.Debug|Any CPU.ActiveCfg = Debug|Any CPU
		{77DC606A-0A0C-4072-90D2-8D0C1FABA151}.Debug|Any CPU.Build.0 = Debug|Any CPU
		{77DC606A-0A0C-4072-90D2-8D0C1FABA151}.Release|Any CPU.ActiveCfg = Release|Any CPU
		{77DC606A-0A0C-4072-90D2-8D0C1FABA151}.Release|Any CPU.Build.0 = Release|Any CPU
	EndGlobalSection
	GlobalSection(SolutionProperties) = preSolution
		HideSolutionNode = FALSE
	EndGlobalSection
	GlobalSection(ExtensibilityGlobals) = postSolution
		SolutionGuid = {0906F0B9-DA4F-4296-A16B-21AE24AB72B6}
	EndGlobalSection
EndGlobal
